// !$*UTF8*$!
{
	archiveVersion = 1;
	classes = {
	};
	objectVersion = 56;
	objects = {

/* Begin PBXBuildFile section */
		60EE0F822A87D11A007474E9 /* AppDelegate.swift in Sources */ = {isa = PBXBuildFile; fileRef = 60EE0F812A87D11A007474E9 /* AppDelegate.swift */; };
		60EE0F842A87D11A007474E9 /* SceneDelegate.swift in Sources */ = {isa = PBXBuildFile; fileRef = 60EE0F832A87D11A007474E9 /* SceneDelegate.swift */; };
		60EE0F862A87D11A007474E9 /* ViewController.swift in Sources */ = {isa = PBXBuildFile; fileRef = 60EE0F852A87D11A007474E9 /* ViewController.swift */; };
		60EE0F892A87D11A007474E9 /* Main.storyboard in Resources */ = {isa = PBXBuildFile; fileRef = 60EE0F872A87D11A007474E9 /* Main.storyboard */; };
		60EE0F8B2A87D11B007474E9 /* Assets.xcassets in Resources */ = {isa = PBXBuildFile; fileRef = 60EE0F8A2A87D11B007474E9 /* Assets.xcassets */; };
		60EE0F8E2A87D11B007474E9 /* LaunchScreen.storyboard in Resources */ = {isa = PBXBuildFile; fileRef = 60EE0F8C2A87D11B007474E9 /* LaunchScreen.storyboard */; };
		60EE0F992A87D11B007474E9 /* CounterTests.swift in Sources */ = {isa = PBXBuildFile; fileRef = 60EE0F982A87D11B007474E9 /* CounterTests.swift */; };
		60EE0FA32A87D11B007474E9 /* CounterUITests.swift in Sources */ = {isa = PBXBuildFile; fileRef = 60EE0FA22A87D11B007474E9 /* CounterUITests.swift */; };
		60EE0FA52A87D11B007474E9 /* CounterUITestsLaunchTests.swift in Sources */ = {isa = PBXBuildFile; fileRef = 60EE0FA42A87D11B007474E9 /* CounterUITestsLaunchTests.swift */; };
/* End PBXBuildFile section */

/* Begin PBXContainerItemProxy section */
		60EE0F952A87D11B007474E9 /* PBXContainerItemProxy */ = {
			isa = PBXContainerItemProxy;
			containerPortal = 60EE0F762A87D11A007474E9 /* Project object */;
			proxyType = 1;
			remoteGlobalIDString = 60EE0F7D2A87D11A007474E9;
			remoteInfo = Counter;
		};
		60EE0F9F2A87D11B007474E9 /* PBXContainerItemProxy */ = {
			isa = PBXContainerItemProxy;
			containerPortal = 60EE0F762A87D11A007474E9 /* Project object */;
			proxyType = 1;
			remoteGlobalIDString = 60EE0F7D2A87D11A007474E9;
			remoteInfo = Counter;
		};
/* End PBXContainerItemProxy section */

/* Begin PBXFileReference section */
		60EE0F7E2A87D11A007474E9 /* Counter.app */ = {isa = PBXFileReference; explicitFileType = wrapper.application; includeInIndex = 0; path = Counter.app; sourceTree = BUILT_PRODUCTS_DIR; };
		60EE0F812A87D11A007474E9 /* AppDelegate.swift */ = {isa = PBXFileReference; lastKnownFileType = sourcecode.swift; path = AppDelegate.swift; sourceTree = "<group>"; };
		60EE0F832A87D11A007474E9 /* SceneDelegate.swift */ = {isa = PBXFileReference; lastKnownFileType = sourcecode.swift; path = SceneDelegate.swift; sourceTree = "<group>"; };
		60EE0F852A87D11A007474E9 /* ViewController.swift */ = {isa = PBXFileReference; lastKnownFileType = sourcecode.swift; path = ViewController.swift; sourceTree = "<group>"; };
		60EE0F882A87D11A007474E9 /* Base */ = {isa = PBXFileReference; lastKnownFileType = file.storyboard; name = Base; path = Base.lproj/Main.storyboard; sourceTree = "<group>"; };
		60EE0F8A2A87D11B007474E9 /* Assets.xcassets */ = {isa = PBXFileReference; lastKnownFileType = folder.assetcatalog; path = Assets.xcassets; sourceTree = "<group>"; };
		60EE0F8D2A87D11B007474E9 /* Base */ = {isa = PBXFileReference; lastKnownFileType = file.storyboard; name = Base; path = Base.lproj/LaunchScreen.storyboard; sourceTree = "<group>"; };
		60EE0F8F2A87D11B007474E9 /* Info.plist */ = {isa = PBXFileReference; lastKnownFileType = text.plist.xml; path = Info.plist; sourceTree = "<group>"; };
		60EE0F942A87D11B007474E9 /* CounterTests.xctest */ = {isa = PBXFileReference; explicitFileType = wrapper.cfbundle; includeInIndex = 0; path = CounterTests.xctest; sourceTree = BUILT_PRODUCTS_DIR; };
		60EE0F982A87D11B007474E9 /* CounterTests.swift */ = {isa = PBXFileReference; lastKnownFileType = sourcecode.swift; path = CounterTests.swift; sourceTree = "<group>"; };
		60EE0F9E2A87D11B007474E9 /* CounterUITests.xctest */ = {isa = PBXFileReference; explicitFileType = wrapper.cfbundle; includeInIndex = 0; path = CounterUITests.xctest; sourceTree = BUILT_PRODUCTS_DIR; };
		60EE0FA22A87D11B007474E9 /* CounterUITests.swift */ = {isa = PBXFileReference; lastKnownFileType = sourcecode.swift; path = CounterUITests.swift; sourceTree = "<group>"; };
		60EE0FA42A87D11B007474E9 /* CounterUITestsLaunchTests.swift */ = {isa = PBXFileReference; lastKnownFileType = sourcecode.swift; path = CounterUITestsLaunchTests.swift; sourceTree = "<group>"; };
/* End PBXFileReference section */

/* Begin PBXFrameworksBuildPhase section */
		60EE0F7B2A87D11A007474E9 /* Frameworks */ = {
			isa = PBXFrameworksBuildPhase;
			buildActionMask = 2147483647;
			files = (
			);
			runOnlyForDeploymentPostprocessing = 0;
		};
		60EE0F912A87D11B007474E9 /* Frameworks */ = {
			isa = PBXFrameworksBuildPhase;
			buildActionMask = 2147483647;
			files = (
			);
			runOnlyForDeploymentPostprocessing = 0;
		};
		60EE0F9B2A87D11B007474E9 /* Frameworks */ = {
			isa = PBXFrameworksBuildPhase;
			buildActionMask = 2147483647;
			files = (
			);
			runOnlyForDeploymentPostprocessing = 0;
		};
/* End PBXFrameworksBuildPhase section */

/* Begin PBXGroup section */
		60EE0F752A87D11A007474E9 = {
			isa = PBXGroup;
			children = (
				60EE0F802A87D11A007474E9 /* Counter */,
				60EE0F972A87D11B007474E9 /* CounterTests */,
				60EE0FA12A87D11B007474E9 /* CounterUITests */,
				60EE0F7F2A87D11A007474E9 /* Products */,
			);
			sourceTree = "<group>";
		};
		60EE0F7F2A87D11A007474E9 /* Products */ = {
			isa = PBXGroup;
			children = (
				60EE0F7E2A87D11A007474E9 /* Counter.app */,
				60EE0F942A87D11B007474E9 /* CounterTests.xctest */,
				60EE0F9E2A87D11B007474E9 /* CounterUITests.xctest */,
			);
			name = Products;
			sourceTree = "<group>";
		};
		60EE0F802A87D11A007474E9 /* Counter */ = {
			isa = PBXGroup;
			children = (
				60EE0F812A87D11A007474E9 /* AppDelegate.swift */,
				60EE0F832A87D11A007474E9 /* SceneDelegate.swift */,
				60EE0F852A87D11A007474E9 /* ViewController.swift */,
				60EE0F872A87D11A007474E9 /* Main.storyboard */,
				60EE0F8A2A87D11B007474E9 /* Assets.xcassets */,
				60EE0F8C2A87D11B007474E9 /* LaunchScreen.storyboard */,
				60EE0F8F2A87D11B007474E9 /* Info.plist */,
			);
			path = Counter;
			sourceTree = "<group>";
		};
		60EE0F972A87D11B007474E9 /* CounterTests */ = {
			isa = PBXGroup;
			children = (
				60EE0F982A87D11B007474E9 /* CounterTests.swift */,
			);
			path = CounterTests;
			sourceTree = "<group>";
		};
		60EE0FA12A87D11B007474E9 /* CounterUITests */ = {
			isa = PBXGroup;
			children = (
				60EE0FA22A87D11B007474E9 /* CounterUITests.swift */,
				60EE0FA42A87D11B007474E9 /* CounterUITestsLaunchTests.swift */,
			);
			path = CounterUITests;
			sourceTree = "<group>";
		};
/* End PBXGroup section */

/* Begin PBXNativeTarget section */
		60EE0F7D2A87D11A007474E9 /* Counter */ = {
			isa = PBXNativeTarget;
			buildConfigurationList = 60EE0FA82A87D11B007474E9 /* Build configuration list for PBXNativeTarget "Counter" */;
			buildPhases = (
				60EE0F7A2A87D11A007474E9 /* Sources */,
				60EE0F7B2A87D11A007474E9 /* Frameworks */,
				60EE0F7C2A87D11A007474E9 /* Resources */,
			);
			buildRules = (
			);
			dependencies = (
			);
			name = Counter;
			productName = Counter;
			productReference = 60EE0F7E2A87D11A007474E9 /* Counter.app */;
			productType = "com.apple.product-type.application";
		};
		60EE0F932A87D11B007474E9 /* CounterTests */ = {
			isa = PBXNativeTarget;
			buildConfigurationList = 60EE0FAB2A87D11B007474E9 /* Build configuration list for PBXNativeTarget "CounterTests" */;
			buildPhases = (
				60EE0F902A87D11B007474E9 /* Sources */,
				60EE0F912A87D11B007474E9 /* Frameworks */,
				60EE0F922A87D11B007474E9 /* Resources */,
			);
			buildRules = (
			);
			dependencies = (
				60EE0F962A87D11B007474E9 /* PBXTargetDependency */,
			);
			name = CounterTests;
			productName = CounterTests;
			productReference = 60EE0F942A87D11B007474E9 /* CounterTests.xctest */;
			productType = "com.apple.product-type.bundle.unit-test";
		};
		60EE0F9D2A87D11B007474E9 /* CounterUITests */ = {
			isa = PBXNativeTarget;
			buildConfigurationList = 60EE0FAE2A87D11B007474E9 /* Build configuration list for PBXNativeTarget "CounterUITests" */;
			buildPhases = (
				60EE0F9A2A87D11B007474E9 /* Sources */,
				60EE0F9B2A87D11B007474E9 /* Frameworks */,
				60EE0F9C2A87D11B007474E9 /* Resources */,
			);
			buildRules = (
			);
			dependencies = (
				60EE0FA02A87D11B007474E9 /* PBXTargetDependency */,
			);
			name = CounterUITests;
			productName = CounterUITests;
			productReference = 60EE0F9E2A87D11B007474E9 /* CounterUITests.xctest */;
			productType = "com.apple.product-type.bundle.ui-testing";
		};
/* End PBXNativeTarget section */

/* Begin PBXProject section */
		60EE0F762A87D11A007474E9 /* Project object */ = {
			isa = PBXProject;
			attributes = {
				BuildIndependentTargetsInParallel = 1;
				LastSwiftUpdateCheck = 1430;
				LastUpgradeCheck = 1430;
				TargetAttributes = {
					60EE0F7D2A87D11A007474E9 = {
						CreatedOnToolsVersion = 14.3;
					};
					60EE0F932A87D11B007474E9 = {
						CreatedOnToolsVersion = 14.3;
						TestTargetID = 60EE0F7D2A87D11A007474E9;
					};
					60EE0F9D2A87D11B007474E9 = {
						CreatedOnToolsVersion = 14.3;
						TestTargetID = 60EE0F7D2A87D11A007474E9;
					};
				};
			};
			buildConfigurationList = 60EE0F792A87D11A007474E9 /* Build configuration list for PBXProject "Counter" */;
			compatibilityVersion = "Xcode 14.0";
			developmentRegion = en;
			hasScannedForEncodings = 0;
			knownRegions = (
				en,
				Base,
			);
			mainGroup = 60EE0F752A87D11A007474E9;
			productRefGroup = 60EE0F7F2A87D11A007474E9 /* Products */;
			projectDirPath = "";
			projectRoot = "";
			targets = (
				60EE0F7D2A87D11A007474E9 /* Counter */,
				60EE0F932A87D11B007474E9 /* CounterTests */,
				60EE0F9D2A87D11B007474E9 /* CounterUITests */,
			);
		};
/* End PBXProject section */

/* Begin PBXResourcesBuildPhase section */
		60EE0F7C2A87D11A007474E9 /* Resources */ = {
			isa = PBXResourcesBuildPhase;
			buildActionMask = 2147483647;
			files = (
				60EE0F8E2A87D11B007474E9 /* LaunchScreen.storyboard in Resources */,
				60EE0F8B2A87D11B007474E9 /* Assets.xcassets in Resources */,
				60EE0F892A87D11A007474E9 /* Main.storyboard in Resources */,
			);
			runOnlyForDeploymentPostprocessing = 0;
		};
		60EE0F922A87D11B007474E9 /* Resources */ = {
			isa = PBXResourcesBuildPhase;
			buildActionMask = 2147483647;
			files = (
			);
			runOnlyForDeploymentPostprocessing = 0;
		};
		60EE0F9C2A87D11B007474E9 /* Resources */ = {
			isa = PBXResourcesBuildPhase;
			buildActionMask = 2147483647;
			files = (
			);
			runOnlyForDeploymentPostprocessing = 0;
		};
/* End PBXResourcesBuildPhase section */

/* Begin PBXSourcesBuildPhase section */
		60EE0F7A2A87D11A007474E9 /* Sources */ = {
			isa = PBXSourcesBuildPhase;
			buildActionMask = 2147483647;
			files = (
				60EE0F862A87D11A007474E9 /* ViewController.swift in Sources */,
				60EE0F822A87D11A007474E9 /* AppDelegate.swift in Sources */,
				60EE0F842A87D11A007474E9 /* SceneDelegate.swift in Sources */,
			);
			runOnlyForDeploymentPostprocessing = 0;
		};
		60EE0F902A87D11B007474E9 /* Sources */ = {
			isa = PBXSourcesBuildPhase;
			buildActionMask = 2147483647;
			files = (
				60EE0F992A87D11B007474E9 /* CounterTests.swift in Sources */,
			);
			runOnlyForDeploymentPostprocessing = 0;
		};
		60EE0F9A2A87D11B007474E9 /* Sources */ = {
			isa = PBXSourcesBuildPhase;
			buildActionMask = 2147483647;
			files = (
				60EE0FA32A87D11B007474E9 /* CounterUITests.swift in Sources */,
				60EE0FA52A87D11B007474E9 /* CounterUITestsLaunchTests.swift in Sources */,
			);
			runOnlyForDeploymentPostprocessing = 0;
		};
/* End PBXSourcesBuildPhase section */

/* Begin PBXTargetDependency section */
		60EE0F962A87D11B007474E9 /* PBXTargetDependency */ = {
			isa = PBXTargetDependency;
			target = 60EE0F7D2A87D11A007474E9 /* Counter */;
			targetProxy = 60EE0F952A87D11B007474E9 /* PBXContainerItemProxy */;
		};
		60EE0FA02A87D11B007474E9 /* PBXTargetDependency */ = {
			isa = PBXTargetDependency;
			target = 60EE0F7D2A87D11A007474E9 /* Counter */;
			targetProxy = 60EE0F9F2A87D11B007474E9 /* PBXContainerItemProxy */;
		};
/* End PBXTargetDependency section */

/* Begin PBXVariantGroup section */
		60EE0F872A87D11A007474E9 /* Main.storyboard */ = {
			isa = PBXVariantGroup;
			children = (
				60EE0F882A87D11A007474E9 /* Base */,
			);
			name = Main.storyboard;
			sourceTree = "<group>";
		};
		60EE0F8C2A87D11B007474E9 /* LaunchScreen.storyboard */ = {
			isa = PBXVariantGroup;
			children = (
				60EE0F8D2A87D11B007474E9 /* Base */,
			);
			name = LaunchScreen.storyboard;
			sourceTree = "<group>";
		};
/* End PBXVariantGroup section */

/* Begin XCBuildConfiguration section */
		60EE0FA62A87D11B007474E9 /* Debug */ = {
			isa = XCBuildConfiguration;
			buildSettings = {
				ALWAYS_SEARCH_USER_PATHS = NO;
				CLANG_ANALYZER_NONNULL = YES;
				CLANG_ANALYZER_NUMBER_OBJECT_CONVERSION = YES_AGGRESSIVE;
				CLANG_CXX_LANGUAGE_STANDARD = "gnu++20";
				CLANG_ENABLE_MODULES = YES;
				CLANG_ENABLE_OBJC_ARC = YES;
				CLANG_ENABLE_OBJC_WEAK = YES;
				CLANG_WARN_BLOCK_CAPTURE_AUTORELEASING = YES;
				CLANG_WARN_BOOL_CONVERSION = YES;
				CLANG_WARN_COMMA = YES;
				CLANG_WARN_CONSTANT_CONVERSION = YES;
				CLANG_WARN_DEPRECATED_OBJC_IMPLEMENTATIONS = YES;
				CLANG_WARN_DIRECT_OBJC_ISA_USAGE = YES_ERROR;
				CLANG_WARN_DOCUMENTATION_COMMENTS = YES;
				CLANG_WARN_EMPTY_BODY = YES;
				CLANG_WARN_ENUM_CONVERSION = YES;
				CLANG_WARN_INFINITE_RECURSION = YES;
				CLANG_WARN_INT_CONVERSION = YES;
				CLANG_WARN_NON_LITERAL_NULL_CONVERSION = YES;
				CLANG_WARN_OBJC_IMPLICIT_RETAIN_SELF = YES;
				CLANG_WARN_OBJC_LITERAL_CONVERSION = YES;
				CLANG_WARN_OBJC_ROOT_CLASS = YES_ERROR;
				CLANG_WARN_QUOTED_INCLUDE_IN_FRAMEWORK_HEADER = YES;
				CLANG_WARN_RANGE_LOOP_ANALYSIS = YES;
				CLANG_WARN_STRICT_PROTOTYPES = YES;
				CLANG_WARN_SUSPICIOUS_MOVE = YES;
				CLANG_WARN_UNGUARDED_AVAILABILITY = YES_AGGRESSIVE;
				CLANG_WARN_UNREACHABLE_CODE = YES;
				CLANG_WARN__DUPLICATE_METHOD_MATCH = YES;
				COPY_PHASE_STRIP = NO;
				DEBUG_INFORMATION_FORMAT = dwarf;
				ENABLE_STRICT_OBJC_MSGSEND = YES;
				ENABLE_TESTABILITY = YES;
				GCC_C_LANGUAGE_STANDARD = gnu11;
				GCC_DYNAMIC_NO_PIC = NO;
				GCC_NO_COMMON_BLOCKS = YES;
				GCC_OPTIMIZATION_LEVEL = 0;
				GCC_PREPROCESSOR_DEFINITIONS = (
					"DEBUG=1",
					"$(inherited)",
				);
				GCC_WARN_64_TO_32_BIT_CONVERSION = YES;
				GCC_WARN_ABOUT_RETURN_TYPE = YES_ERROR;
				GCC_WARN_UNDECLARED_SELECTOR = YES;
				GCC_WARN_UNINITIALIZED_AUTOS = YES_AGGRESSIVE;
				GCC_WARN_UNUSED_FUNCTION = YES;
				GCC_WARN_UNUSED_VARIABLE = YES;
				IPHONEOS_DEPLOYMENT_TARGET = 16.4;
				MTL_ENABLE_DEBUG_INFO = INCLUDE_SOURCE;
				MTL_FAST_MATH = YES;
				ONLY_ACTIVE_ARCH = YES;
				SDKROOT = iphoneos;
				SWIFT_ACTIVE_COMPILATION_CONDITIONS = DEBUG;
				SWIFT_OPTIMIZATION_LEVEL = "-Onone";
			};
			name = Debug;
		};
		60EE0FA72A87D11B007474E9 /* Release */ = {
			isa = XCBuildConfiguration;
			buildSettings = {
				ALWAYS_SEARCH_USER_PATHS = NO;
				CLANG_ANALYZER_NONNULL = YES;
				CLANG_ANALYZER_NUMBER_OBJECT_CONVERSION = YES_AGGRESSIVE;
				CLANG_CXX_LANGUAGE_STANDARD = "gnu++20";
				CLANG_ENABLE_MODULES = YES;
				CLANG_ENABLE_OBJC_ARC = YES;
				CLANG_ENABLE_OBJC_WEAK = YES;
				CLANG_WARN_BLOCK_CAPTURE_AUTORELEASING = YES;
				CLANG_WARN_BOOL_CONVERSION = YES;
				CLANG_WARN_COMMA = YES;
				CLANG_WARN_CONSTANT_CONVERSION = YES;
				CLANG_WARN_DEPRECATED_OBJC_IMPLEMENTATIONS = YES;
				CLANG_WARN_DIRECT_OBJC_ISA_USAGE = YES_ERROR;
				CLANG_WARN_DOCUMENTATION_COMMENTS = YES;
				CLANG_WARN_EMPTY_BODY = YES;
				CLANG_WARN_ENUM_CONVERSION = YES;
				CLANG_WARN_INFINITE_RECURSION = YES;
				CLANG_WARN_INT_CONVERSION = YES;
				CLANG_WARN_NON_LITERAL_NULL_CONVERSION = YES;
				CLANG_WARN_OBJC_IMPLICIT_RETAIN_SELF = YES;
				CLANG_WARN_OBJC_LITERAL_CONVERSION = YES;
				CLANG_WARN_OBJC_ROOT_CLASS = YES_ERROR;
				CLANG_WARN_QUOTED_INCLUDE_IN_FRAMEWORK_HEADER = YES;
				CLANG_WARN_RANGE_LOOP_ANALYSIS = YES;
				CLANG_WARN_STRICT_PROTOTYPES = YES;
				CLANG_WARN_SUSPICIOUS_MOVE = YES;
				CLANG_WARN_UNGUARDED_AVAILABILITY = YES_AGGRESSIVE;
				CLANG_WARN_UNREACHABLE_CODE = YES;
				CLANG_WARN__DUPLICATE_METHOD_MATCH = YES;
				COPY_PHASE_STRIP = NO;
				DEBUG_INFORMATION_FORMAT = "dwarf-with-dsym";
				ENABLE_NS_ASSERTIONS = NO;
				ENABLE_STRICT_OBJC_MSGSEND = YES;
				GCC_C_LANGUAGE_STANDARD = gnu11;
				GCC_NO_COMMON_BLOCKS = YES;
				GCC_WARN_64_TO_32_BIT_CONVERSION = YES;
				GCC_WARN_ABOUT_RETURN_TYPE = YES_ERROR;
				GCC_WARN_UNDECLARED_SELECTOR = YES;
				GCC_WARN_UNINITIALIZED_AUTOS = YES_AGGRESSIVE;
				GCC_WARN_UNUSED_FUNCTION = YES;
				GCC_WARN_UNUSED_VARIABLE = YES;
				IPHONEOS_DEPLOYMENT_TARGET = 16.4;
				MTL_ENABLE_DEBUG_INFO = NO;
				MTL_FAST_MATH = YES;
				SDKROOT = iphoneos;
				SWIFT_COMPILATION_MODE = wholemodule;
				SWIFT_OPTIMIZATION_LEVEL = "-O";
				VALIDATE_PRODUCT = YES;
			};
			name = Release;
		};
		60EE0FA92A87D11B007474E9 /* Debug */ = {
			isa = XCBuildConfiguration;
			buildSettings = {
				ASSETCATALOG_COMPILER_APPICON_NAME = AppIcon;
				ASSETCATALOG_COMPILER_GLOBAL_ACCENT_COLOR_NAME = AccentColor;
				CODE_SIGN_STYLE = Automatic;
				CURRENT_PROJECT_VERSION = 1;
				DEVELOPMENT_TEAM = 97TPF7C3H8;
				GENERATE_INFOPLIST_FILE = YES;
				INFOPLIST_FILE = Counter/Info.plist;
				INFOPLIST_KEY_UIApplicationSupportsIndirectInputEvents = YES;
				INFOPLIST_KEY_UILaunchStoryboardName = LaunchScreen;
				INFOPLIST_KEY_UIMainStoryboardFile = Main;
				INFOPLIST_KEY_UISupportedInterfaceOrientations = UIInterfaceOrientationPortrait;
				INFOPLIST_KEY_UISupportedInterfaceOrientations_iPad = "UIInterfaceOrientationLandscapeLeft UIInterfaceOrientationLandscapeRight UIInterfaceOrientationPortrait UIInterfaceOrientationPortraitUpsideDown";
				LD_RUNPATH_SEARCH_PATHS = (
					"$(inherited)",
					"@executable_path/Frameworks",
				);
				MARKETING_VERSION = 1.0;
				PRODUCT_BUNDLE_IDENTIFIER = "Eldar-Doroshenko.Counter";
				PRODUCT_NAME = "$(TARGET_NAME)";
				SUPPORTED_PLATFORMS = "iphoneos iphonesimulator";
				SUPPORTS_MACCATALYST = NO;
				SUPPORTS_MAC_DESIGNED_FOR_IPHONE_IPAD = NO;
				SWIFT_EMIT_LOC_STRINGS = YES;
				SWIFT_VERSION = 5.0;
				TARGETED_DEVICE_FAMILY = 1;
			};
			name = Debug;
		};
		60EE0FAA2A87D11B007474E9 /* Release */ = {
			isa = XCBuildConfiguration;
			buildSettings = {
				ASSETCATALOG_COMPILER_APPICON_NAME = AppIcon;
				ASSETCATALOG_COMPILER_GLOBAL_ACCENT_COLOR_NAME = AccentColor;
				CODE_SIGN_STYLE = Automatic;
				CURRENT_PROJECT_VERSION = 1;
				DEVELOPMENT_TEAM = 97TPF7C3H8;
				GENERATE_INFOPLIST_FILE = YES;
				INFOPLIST_FILE = Counter/Info.plist;
				INFOPLIST_KEY_UIApplicationSupportsIndirectInputEvents = YES;
				INFOPLIST_KEY_UILaunchStoryboardName = LaunchScreen;
				INFOPLIST_KEY_UIMainStoryboardFile = Main;
				INFOPLIST_KEY_UISupportedInterfaceOrientations = UIInterfaceOrientationPortrait;
				INFOPLIST_KEY_UISupportedInterfaceOrientations_iPad = "UIInterfaceOrientationLandscapeLeft UIInterfaceOrientationLandscapeRight UIInterfaceOrientationPortrait UIInterfaceOrientationPortraitUpsideDown";
				LD_RUNPATH_SEARCH_PATHS = (
					"$(inherited)",
					"@executable_path/Frameworks",
				);
				MARKETING_VERSION = 1.0;
				PRODUCT_BUNDLE_IDENTIFIER = "Eldar-Doroshenko.Counter";
				PRODUCT_NAME = "$(TARGET_NAME)";
				SUPPORTED_PLATFORMS = "iphoneos iphonesimulator";
				SUPPORTS_MACCATALYST = NO;
				SUPPORTS_MAC_DESIGNED_FOR_IPHONE_IPAD = NO;
				SWIFT_EMIT_LOC_STRINGS = YES;
				SWIFT_VERSION = 5.0;
				TARGETED_DEVICE_FAMILY = 1;
			};
			name = Release;
		};
		60EE0FAC2A87D11B007474E9 /* Debug */ = {
			isa = XCBuildConfiguration;
			buildSettings = {
				ALWAYS_EMBED_SWIFT_STANDARD_LIBRARIES = YES;
				BUNDLE_LOADER = "$(TEST_HOST)";
				CODE_SIGN_STYLE = Automatic;
				CURRENT_PROJECT_VERSION = 1;
				DEVELOPMENT_TEAM = 97TPF7C3H8;
				GENERATE_INFOPLIST_FILE = YES;
				IPHONEOS_DEPLOYMENT_TARGET = 16.4;
				MARKETING_VERSION = 1.0;
				PRODUCT_BUNDLE_IDENTIFIER = "Eldar-Doroshenko.CounterTests";
				PRODUCT_NAME = "$(TARGET_NAME)";
				SWIFT_EMIT_LOC_STRINGS = NO;
				SWIFT_VERSION = 5.0;
				TARGETED_DEVICE_FAMILY = "1,2";
				TEST_HOST = "$(BUILT_PRODUCTS_DIR)/Counter.app/$(BUNDLE_EXECUTABLE_FOLDER_PATH)/Counter";
			};
			name = Debug;
		};
		60EE0FAD2A87D11B007474E9 /* Release */ = {
			isa = XCBuildConfiguration;
			buildSettings = {
				ALWAYS_EMBED_SWIFT_STANDARD_LIBRARIES = YES;
				BUNDLE_LOADER = "$(TEST_HOST)";
				CODE_SIGN_STYLE = Automatic;
				CURRENT_PROJECT_VERSION = 1;
				DEVELOPMENT_TEAM = 97TPF7C3H8;
				GENERATE_INFOPLIST_FILE = YES;
				IPHONEOS_DEPLOYMENT_TARGET = 16.4;
				MARKETING_VERSION = 1.0;
				PRODUCT_BUNDLE_IDENTIFIER = "Eldar-Doroshenko.CounterTests";
				PRODUCT_NAME = "$(TARGET_NAME)";
				SWIFT_EMIT_LOC_STRINGS = NO;
				SWIFT_VERSION = 5.0;
				TARGETED_DEVICE_FAMILY = "1,2";
				TEST_HOST = "$(BUILT_PRODUCTS_DIR)/Counter.app/$(BUNDLE_EXECUTABLE_FOLDER_PATH)/Counter";
			};
			name = Release;
		};
		60EE0FAF2A87D11B007474E9 /* Debug */ = {
			isa = XCBuildConfiguration;
			buildSettings = {
				ALWAYS_EMBED_SWIFT_STANDARD_LIBRARIES = YES;
				CODE_SIGN_STYLE = Automatic;
				CURRENT_PROJECT_VERSION = 1;
				DEVELOPMENT_TEAM = 97TPF7C3H8;
				GENERATE_INFOPLIST_FILE = YES;
				MARKETING_VERSION = 1.0;
				PRODUCT_BUNDLE_IDENTIFIER = "Eldar-Doroshenko.CounterUITests";
				PRODUCT_NAME = "$(TARGET_NAME)";
				SWIFT_EMIT_LOC_STRINGS = NO;
				SWIFT_VERSION = 5.0;
				TARGETED_DEVICE_FAMILY = "1,2";
				TEST_TARGET_NAME = Counter;
			};
			name = Debug;
		};
		60EE0FB02A87D11B007474E9 /* Release */ = {
			isa = XCBuildConfiguration;
			buildSettings = {
				ALWAYS_EMBED_SWIFT_STANDARD_LIBRARIES = YES;
				CODE_SIGN_STYLE = Automatic;
				CURRENT_PROJECT_VERSION = 1;
				DEVELOPMENT_TEAM = 97TPF7C3H8;
				GENERATE_INFOPLIST_FILE = YES;
				MARKETING_VERSION = 1.0;
				PRODUCT_BUNDLE_IDENTIFIER = "Eldar-Doroshenko.CounterUITests";
				PRODUCT_NAME = "$(TARGET_NAME)";
				SWIFT_EMIT_LOC_STRINGS = NO;
				SWIFT_VERSION = 5.0;
				TARGETED_DEVICE_FAMILY = "1,2";
				TEST_TARGET_NAME = Counter;
			};
			name = Release;
		};
/* End XCBuildConfiguration section */

/* Begin XCConfigurationList section */
		60EE0F792A87D11A007474E9 /* Build configuration list for PBXProject "Counter" */ = {
			isa = XCConfigurationList;
			buildConfigurations = (
				60EE0FA62A87D11B007474E9 /* Debug */,
				60EE0FA72A87D11B007474E9 /* Release */,
			);
			defaultConfigurationIsVisible = 0;
			defaultConfigurationName = Release;
		};
		60EE0FA82A87D11B007474E9 /* Build configuration list for PBXNativeTarget "Counter" */ = {
			isa = XCConfigurationList;
			buildConfigurations = (
				60EE0FA92A87D11B007474E9 /* Debug */,
				60EE0FAA2A87D11B007474E9 /* Release */,
			);
			defaultConfigurationIsVisible = 0;
			defaultConfigurationName = Release;
		};
		60EE0FAB2A87D11B007474E9 /* Build configuration list for PBXNativeTarget "CounterTests" */ = {
			isa = XCConfigurationList;
			buildConfigurations = (
				60EE0FAC2A87D11B007474E9 /* Debug */,
				60EE0FAD2A87D11B007474E9 /* Release */,
			);
			defaultConfigurationIsVisible = 0;
			defaultConfigurationName = Release;
		};
		60EE0FAE2A87D11B007474E9 /* Build configuration list for PBXNativeTarget "CounterUITests" */ = {
			isa = XCConfigurationList;
			buildConfigurations = (
				60EE0FAF2A87D11B007474E9 /* Debug */,
				60EE0FB02A87D11B007474E9 /* Release */,
			);
			defaultConfigurationIsVisible = 0;
			defaultConfigurationName = Release;
		};
/* End XCConfigurationList section */
	};
	rootObject = 60EE0F762A87D11A007474E9 /* Project object */;
}
